
Microsoft Visual Studio Solution File, Format Version 12.00
# Visual Studio Version 16
VisualStudioVersion = 16.0.31005.135
MinimumVisualStudioVersion = 10.0.40219.1
Project("{FAE04EC0-301F-11D3-BF4B-00C04F79EFBC}") = "EgyptExcavation", "EgyptExcavation.csproj", "{FF05106F-E5B4-4820-AE5A-A5235FCF675F}"
EndProject
Global
	GlobalSection(SolutionConfigurationPlatforms) = preSolution
		Debug|Any CPU = Debug|Any CPU
		Release|Any CPU = Release|Any CPU
	EndGlobalSection
	GlobalSection(ProjectConfigurationPlatforms) = postSolution
		{FF05106F-E5B4-4820-AE5A-A5235FCF675F}.Debug|Any CPU.ActiveCfg = Debug|Any CPU
		{FF05106F-E5B4-4820-AE5A-A5235FCF675F}.Debug|Any CPU.Build.0 = Debug|Any CPU
		{FF05106F-E5B4-4820-AE5A-A5235FCF675F}.Release|Any CPU.ActiveCfg = Release|Any CPU
		{FF05106F-E5B4-4820-AE5A-A5235FCF675F}.Release|Any CPU.Build.0 = Release|Any CPU
	EndGlobalSection
	GlobalSection(SolutionProperties) = preSolution
		HideSolutionNode = FALSE
	EndGlobalSection
	GlobalSection(ExtensibilityGlobals) = postSolution
		SolutionGuid = {2F4C1E2E-2652-4EB9-A67C-86ECE4EDFCC3}
	EndGlobalSection
EndGlobal
